
Microsoft Visual Studio Solution File, Format Version 12.00
# Visual Studio Version 16
VisualStudioVersion = 16.0.31515.178
MinimumVisualStudioVersion = 10.0.40219.1
Project("{FAE04EC0-301F-11D3-BF4B-00C04F79EFBC}") = "Elastic.Serilog", "Elastic.Serilog\Elastic.Serilog.csproj", "{F455402B-2D67-4BD5-92FE-AC0BA527429E}"
EndProject
Global
	GlobalSection(SolutionConfigurationPlatforms) = preSolution
		Debug|Any CPU = Debug|Any CPU
		Release|Any CPU = Release|Any CPU
	EndGlobalSection
	GlobalSection(ProjectConfigurationPlatforms) = postSolution
		{F455402B-2D67-4BD5-92FE-AC0BA527429E}.Debug|Any CPU.ActiveCfg = Debug|Any CPU
		{F455402B-2D67-4BD5-92FE-AC0BA527429E}.Debug|Any CPU.Build.0 = Debug|Any CPU
		{F455402B-2D67-4BD5-92FE-AC0BA527429E}.Release|Any CPU.ActiveCfg = Release|Any CPU
		{F455402B-2D67-4BD5-92FE-AC0BA527429E}.Release|Any CPU.Build.0 = Release|Any CPU
	EndGlobalSection
	GlobalSection(SolutionProperties) = preSolution
		HideSolutionNode = FALSE
	EndGlobalSection
	GlobalSection(ExtensibilityGlobals) = postSolution
		SolutionGuid = {EF1F58E3-7480-4047-8896-65CD872455D6}
	EndGlobalSection
EndGlobal
